
Microsoft Visual Studio Solution File, Format Version 12.00
# Visual Studio Version 17
VisualStudioVersion = 17.0.31512.422
MinimumVisualStudioVersion = 10.0.40219.1
Project("{2150E333-8FDC-42A3-9474-1A3956D46DE8}") = "src", "src", "{31D3B4BD-3216-4E27-B482-B35CDA8457CD}"
EndProject
Project("{2150E333-8FDC-42A3-9474-1A3956D46DE8}") = "Services", "Services", "{0A9580E4-B882-442D-ACDB-CC53C96021F0}"
EndProject
Project("{2150E333-8FDC-42A3-9474-1A3956D46DE8}") = "Blog", "Blog", "{28A321B7-8D19-4C8F-851C-4632334662E7}"
EndProject
Project("{FAE04EC0-301F-11D3-BF4B-00C04F79EFBC}") = "Blog.Core", "src\Services\Blog\Blog.Core\Blog.Core.csproj", "{C337A0F6-A67F-4BA9-8E92-61084090D680}"
EndProject
Project("{FAE04EC0-301F-11D3-BF4B-00C04F79EFBC}") = "Blog.Application", "src\Services\Blog\Blog.Application\Blog.Application.csproj", "{B0FA5D09-D468-4FBB-B8AE-329F007925EB}"
EndProject
Project("{FAE04EC0-301F-11D3-BF4B-00C04F79EFBC}") = "Blog.Infrastructure", "src\Services\Blog\Blog.Infrastructure\Blog.Infrastructure.csproj", "{4233DBDD-D3E0-446D-9BBF-1FA0036253F1}"
EndProject
Project("{FAE04EC0-301F-11D3-BF4B-00C04F79EFBC}") = "Blog.Api", "src\Services\Blog\Blog.Api\Blog.Api.csproj", "{69964CF7-84D5-4C11-88F1-05CA593DB370}"
EndProject
Global
	GlobalSection(SolutionConfigurationPlatforms) = preSolution
		Debug|Any CPU = Debug|Any CPU
		Release|Any CPU = Release|Any CPU
	EndGlobalSection
	GlobalSection(ProjectConfigurationPlatforms) = postSolution
		{C337A0F6-A67F-4BA9-8E92-61084090D680}.Debug|Any CPU.ActiveCfg = Debug|Any CPU
		{C337A0F6-A67F-4BA9-8E92-61084090D680}.Debug|Any CPU.Build.0 = Debug|Any CPU
		{C337A0F6-A67F-4BA9-8E92-61084090D680}.Release|Any CPU.ActiveCfg = Release|Any CPU
		{C337A0F6-A67F-4BA9-8E92-61084090D680}.Release|Any CPU.Build.0 = Release|Any CPU
		{B0FA5D09-D468-4FBB-B8AE-329F007925EB}.Debug|Any CPU.ActiveCfg = Debug|Any CPU
		{B0FA5D09-D468-4FBB-B8AE-329F007925EB}.Debug|Any CPU.Build.0 = Debug|Any CPU
		{B0FA5D09-D468-4FBB-B8AE-329F007925EB}.Release|Any CPU.ActiveCfg = Release|Any CPU
		{B0FA5D09-D468-4FBB-B8AE-329F007925EB}.Release|Any CPU.Build.0 = Release|Any CPU
		{4233DBDD-D3E0-446D-9BBF-1FA0036253F1}.Debug|Any CPU.ActiveCfg = Debug|Any CPU
		{4233DBDD-D3E0-446D-9BBF-1FA0036253F1}.Debug|Any CPU.Build.0 = Debug|Any CPU
		{4233DBDD-D3E0-446D-9BBF-1FA0036253F1}.Release|Any CPU.ActiveCfg = Release|Any CPU
		{4233DBDD-D3E0-446D-9BBF-1FA0036253F1}.Release|Any CPU.Build.0 = Release|Any CPU
		{69964CF7-84D5-4C11-88F1-05CA593DB370}.Debug|Any CPU.ActiveCfg = Debug|Any CPU
		{69964CF7-84D5-4C11-88F1-05CA593DB370}.Debug|Any CPU.Build.0 = Debug|Any CPU
		{69964CF7-84D5-4C11-88F1-05CA593DB370}.Release|Any CPU.ActiveCfg = Release|Any CPU
		{69964CF7-84D5-4C11-88F1-05CA593DB370}.Release|Any CPU.Build.0 = Release|Any CPU
	EndGlobalSection
	GlobalSection(SolutionProperties) = preSolution
		HideSolutionNode = FALSE
	EndGlobalSection
	GlobalSection(NestedProjects) = preSolution
		{0A9580E4-B882-442D-ACDB-CC53C96021F0} = {31D3B4BD-3216-4E27-B482-B35CDA8457CD}
		{28A321B7-8D19-4C8F-851C-4632334662E7} = {0A9580E4-B882-442D-ACDB-CC53C96021F0}
		{C337A0F6-A67F-4BA9-8E92-61084090D680} = {28A321B7-8D19-4C8F-851C-4632334662E7}
		{B0FA5D09-D468-4FBB-B8AE-329F007925EB} = {28A321B7-8D19-4C8F-851C-4632334662E7}
		{4233DBDD-D3E0-446D-9BBF-1FA0036253F1} = {28A321B7-8D19-4C8F-851C-4632334662E7}
		{69964CF7-84D5-4C11-88F1-05CA593DB370} = {28A321B7-8D19-4C8F-851C-4632334662E7}
	EndGlobalSection
	GlobalSection(ExtensibilityGlobals) = postSolution
		SolutionGuid = {5ED3ACCB-8FB6-455B-B7DA-7EA5AA0170BF}
	EndGlobalSection
EndGlobal
